
Microsoft Visual Studio Solution File, Format Version 12.00
# Visual Studio Version 16
VisualStudioVersion = 16.0.32126.315
MinimumVisualStudioVersion = 10.0.40219.1
Project("{FAE04EC0-301F-11D3-BF4B-00C04F79EFBC}") = "WaterProject", "WaterProject\WaterProject.csproj", "{FE2F7C20-D5DD-444B-A007-BBAC2CC936C9}"
EndProject
Global
	GlobalSection(SolutionConfigurationPlatforms) = preSolution
		Debug|Any CPU = Debug|Any CPU
		Release|Any CPU = Release|Any CPU
	EndGlobalSection
	GlobalSection(ProjectConfigurationPlatforms) = postSolution
		{FE2F7C20-D5DD-444B-A007-BBAC2CC936C9}.Debug|Any CPU.ActiveCfg = Debug|Any CPU
		{FE2F7C20-D5DD-444B-A007-BBAC2CC936C9}.Debug|Any CPU.Build.0 = Debug|Any CPU
		{FE2F7C20-D5DD-444B-A007-BBAC2CC936C9}.Release|Any CPU.ActiveCfg = Release|Any CPU
		{FE2F7C20-D5DD-444B-A007-BBAC2CC936C9}.Release|Any CPU.Build.0 = Release|Any CPU
	EndGlobalSection
	GlobalSection(SolutionProperties) = preSolution
		HideSolutionNode = FALSE
	EndGlobalSection
	GlobalSection(ExtensibilityGlobals) = postSolution
		SolutionGuid = {558CF9A8-CC46-4CB4-ABC8-937E9B2EFB0A}
	EndGlobalSection
EndGlobal
